using System;
using System.Collections.Generic;
using System.Data;
using System.Data.SqlClient;
using System.Linq;
using System.Web;
using System.Web.UI;
using System.Web.UI.WebControls;

namespace CRUD_Operation_n
{
    public partial class Contact : System.Web.UI.Page
    {
        SqlConnection sqlCon = new SqlConnection(@"Data Source=desktop-bfqsjf7;Initial Catalog=CRUD ne;Integrated Security=true;");
        protected void Page_Load(object sender, EventArgs e)
        {
            if (!IsPostBack)
            {
                btnDelete.Enabled = false;
                FillGridView();
            }
        }

        protected void btnClear_Click(object sender, EventArgs e)
        {
            clear();
        }
        public void clear()
        {
            hfContactID.Value = "";
            txtName.Text = txtMobile.Text = txtAddress.Text = "";
            lblSuccessMessage.Text = lblErrormessage.Text = "";
            btnSave.Text = "Save";
            btnDelete.Enabled = false;
        }

        protected void btnSave_Click(object sender, EventArgs e)
        {
            if (sqlCon.State == ConnectionState.Closed)
                sqlCon.Open();
            SqlCommand SqlCmd = new SqlCommand("ContactCreateOrUpdate", sqlCon);
            SqlCmd.CommandType = CommandType.StoredProcedure;
            SqlCmd.Parameters.AddWithValue("@ContactID", (hfContactID.Value == "" ? 0 : Convert.ToInt32(hfContactID.Value)));
            SqlCmd.Parameters.AddWithValue("@Name", txtName.Text.Trim());
            SqlCmd.Parameters.AddWithValue("@Mobile", txtMobile.Text.Trim());
            SqlCmd.Parameters.AddWithValue("@Address", txtAddress.Text.Trim());
            SqlCmd.ExecuteNonQuery();
            sqlCon.Close();
            clear();
            if (hfContactID.Value == "")
                lblSuccessMessage.Text = "Saved Successfully";
            else
                lblSuccessMessage.Text = "Updated Successfully";
            FillGridView();
        }
        void FillGridView()
        {
            if (sqlCon.State == ConnectionState.Closed)
                sqlCon.Open();
            SqlDataAdapter SqlDa = new SqlDataAdapter("ContactViewAll", sqlCon);
            SqlDa.SelectCommand.CommandType = CommandType.StoredProcedure;
            DataTable dtbl = new DataTable();
            SqlDa.Fill(dtbl);
            sqlCon.Close();
            gvContact.DataSource = dtbl;
            gvContact.DataBind();
        }

        protected void lnk_Onclick(object sender, EventArgs e)
        {
            int ContactID = Convert.ToInt32((sender as LinkButton).CommandArgument);
            if (sqlCon.State == ConnectionState.Closed)
                sqlCon.Open();
            SqlDataAdapter SqlDa = new SqlDataAdapter("ContactViewByID", sqlCon);
            SqlDa.SelectCommand.CommandType = CommandType.StoredProcedure;
            SqlDa.SelectCommand.Parameters.AddWithValue("@ContactID", ContactID);
            DataTable dtbl = new DataTable();
            SqlDa.Fill(dtbl);
            sqlCon.Close();
            hfContactID.Value = ContactID.ToString();
            txtName.Text = dtbl.Rows[0]["Name"].ToString();
            txtMobile.Text = dtbl.Rows[0]["Mobile"].ToString();
            txtAddress.Text = dtbl.Rows[0]["Address"].ToString();
            btnSave.Text = "Update";
            btnDelete.Enabled = true;
        }
    }
}
